
Microsoft Visual Studio Solution File, Format Version 12.00
# Visual Studio 15
VisualStudioVersion = 15.0.28307.1433
MinimumVisualStudioVersion = 10.0.40219.1
Project("{FAE04EC0-301F-11D3-BF4B-00C04F79EFBC}") = "QMS", "QMS\QMS.csproj", "{28BC5FA9-3E08-4D1C-A44F-403FB7ED197E}"
EndProject
Global
	GlobalSection(SolutionConfigurationPlatforms) = preSolution
		Debug|Any CPU = Debug|Any CPU
		Release|Any CPU = Release|Any CPU
	EndGlobalSection
	GlobalSection(ProjectConfigurationPlatforms) = postSolution
		{28BC5FA9-3E08-4D1C-A44F-403FB7ED197E}.Debug|Any CPU.ActiveCfg = Debug|Any CPU
		{28BC5FA9-3E08-4D1C-A44F-403FB7ED197E}.Debug|Any CPU.Build.0 = Debug|Any CPU
		{28BC5FA9-3E08-4D1C-A44F-403FB7ED197E}.Release|Any CPU.ActiveCfg = Release|Any CPU
		{28BC5FA9-3E08-4D1C-A44F-403FB7ED197E}.Release|Any CPU.Build.0 = Release|Any CPU
	EndGlobalSection
	GlobalSection(SolutionProperties) = preSolution
		HideSolutionNode = FALSE
	EndGlobalSection
	GlobalSection(ExtensibilityGlobals) = postSolution
		SolutionGuid = {B2F7E02C-F036-4365-B6AC-FB849FF5935C}
	EndGlobalSection
EndGlobal
